
Microsoft Visual Studio Solution File, Format Version 12.00
# Visual Studio Version 17
VisualStudioVersion = 17.1.32210.238
MinimumVisualStudioVersion = 10.0.40219.1
Project("{FAE04EC0-301F-11D3-BF4B-00C04F79EFBC}") = "BookLabWeb", "BookLabWeb\BookLabWeb.csproj", "{650D58AB-9A2F-4A16-B098-D2EDF0751C0D}"
EndProject
Global
	GlobalSection(SolutionConfigurationPlatforms) = preSolution
		Debug|Any CPU = Debug|Any CPU
		Release|Any CPU = Release|Any CPU
	EndGlobalSection
	GlobalSection(ProjectConfigurationPlatforms) = postSolution
		{650D58AB-9A2F-4A16-B098-D2EDF0751C0D}.Debug|Any CPU.ActiveCfg = Debug|Any CPU
		{650D58AB-9A2F-4A16-B098-D2EDF0751C0D}.Debug|Any CPU.Build.0 = Debug|Any CPU
		{650D58AB-9A2F-4A16-B098-D2EDF0751C0D}.Release|Any CPU.ActiveCfg = Release|Any CPU
		{650D58AB-9A2F-4A16-B098-D2EDF0751C0D}.Release|Any CPU.Build.0 = Release|Any CPU
	EndGlobalSection
	GlobalSection(SolutionProperties) = preSolution
		HideSolutionNode = FALSE
	EndGlobalSection
	GlobalSection(ExtensibilityGlobals) = postSolution
		SolutionGuid = {21E9CFA4-DFB0-4129-9239-05D505B66468}
	EndGlobalSection
EndGlobal
